
Microsoft Visual Studio Solution File, Format Version 12.00
# Visual Studio Version 17
VisualStudioVersion = 17.2.32602.215
MinimumVisualStudioVersion = 10.0.40219.1
Project("{2150E333-8FDC-42A3-9474-1A3956D46DE8}") = "01_WebUI", "01_WebUI", "{7B6CE1CE-5C76-4C2E-8F66-4F12529E0706}"
EndProject
Project("{FAE04EC0-301F-11D3-BF4B-00C04F79EFBC}") = "MBFinance.WebUI", "MBFinance.WebUI\MBFinance.WebUI.csproj", "{52E914BD-528A-4ADF-B788-A9A5B7EA4C91}"
EndProject
Project("{2150E333-8FDC-42A3-9474-1A3956D46DE8}") = "02_Application", "02_Application", "{0F896AFF-EBD7-4651-8FA6-488A1DF1932B}"
EndProject
Project("{FAE04EC0-301F-11D3-BF4B-00C04F79EFBC}") = "MBFinance.Application", "MBFinance.Application\MBFinance.Application.csproj", "{AB91DF8A-6883-4C4E-852D-D161CB6EC5D1}"
EndProject
Project("{2150E333-8FDC-42A3-9474-1A3956D46DE8}") = "03_Domain", "03_Domain", "{2DD2CE0E-C858-4074-9A73-75BE5C464438}"
EndProject
Project("{FAE04EC0-301F-11D3-BF4B-00C04F79EFBC}") = "MBFinance.Domain", "MBFinance.Domain\MBFinance.Domain.csproj", "{717B1063-239B-471A-83AA-4F922629B83F}"
EndProject
Project("{2150E333-8FDC-42A3-9474-1A3956D46DE8}") = "04_Infra", "04_Infra", "{090F9E58-D3DF-4E93-8B8F-E196C95A0532}"
EndProject
Project("{2150E333-8FDC-42A3-9474-1A3956D46DE8}") = "05_IoC", "05_IoC", "{9CAD3C81-A3E5-44CC-A71E-82B2D95DFB88}"
EndProject
Project("{FAE04EC0-301F-11D3-BF4B-00C04F79EFBC}") = "MBFinance.Infra", "MBFinance.Infra\MBFinance.Infra.csproj", "{14817B06-188F-4D14-B878-B057E859A63C}"
EndProject
Project("{FAE04EC0-301F-11D3-BF4B-00C04F79EFBC}") = "MBFinance.IoC", "MBFinance.IoC\MBFinance.IoC.csproj", "{21BF8D17-18DA-48D9-8C1A-ED55F18E6984}"
EndProject
Project("{2150E333-8FDC-42A3-9474-1A3956D46DE8}") = "06_Util", "06_Util", "{99AB8965-9DFB-4D93-BAF8-69F856281695}"
EndProject
Project("{FAE04EC0-301F-11D3-BF4B-00C04F79EFBC}") = "MBFinance.Util", "MBFinance.Util\MBFinance.Util.csproj", "{05A9A860-C33A-4A4D-92FA-55A23CD5A48D}"
EndProject
Global
	GlobalSection(SolutionConfigurationPlatforms) = preSolution
		Debug|Any CPU = Debug|Any CPU
		Release|Any CPU = Release|Any CPU
	EndGlobalSection
	GlobalSection(ProjectConfigurationPlatforms) = postSolution
		{52E914BD-528A-4ADF-B788-A9A5B7EA4C91}.Debug|Any CPU.ActiveCfg = Debug|Any CPU
		{52E914BD-528A-4ADF-B788-A9A5B7EA4C91}.Debug|Any CPU.Build.0 = Debug|Any CPU
		{52E914BD-528A-4ADF-B788-A9A5B7EA4C91}.Release|Any CPU.ActiveCfg = Release|Any CPU
		{52E914BD-528A-4ADF-B788-A9A5B7EA4C91}.Release|Any CPU.Build.0 = Release|Any CPU
		{AB91DF8A-6883-4C4E-852D-D161CB6EC5D1}.Debug|Any CPU.ActiveCfg = Debug|Any CPU
		{AB91DF8A-6883-4C4E-852D-D161CB6EC5D1}.Debug|Any CPU.Build.0 = Debug|Any CPU
		{AB91DF8A-6883-4C4E-852D-D161CB6EC5D1}.Release|Any CPU.ActiveCfg = Release|Any CPU
		{AB91DF8A-6883-4C4E-852D-D161CB6EC5D1}.Release|Any CPU.Build.0 = Release|Any CPU
		{717B1063-239B-471A-83AA-4F922629B83F}.Debug|Any CPU.ActiveCfg = Debug|Any CPU
		{717B1063-239B-471A-83AA-4F922629B83F}.Debug|Any CPU.Build.0 = Debug|Any CPU
		{717B1063-239B-471A-83AA-4F922629B83F}.Release|Any CPU.ActiveCfg = Release|Any CPU
		{717B1063-239B-471A-83AA-4F922629B83F}.Release|Any CPU.Build.0 = Release|Any CPU
		{14817B06-188F-4D14-B878-B057E859A63C}.Debug|Any CPU.ActiveCfg = Debug|Any CPU
		{14817B06-188F-4D14-B878-B057E859A63C}.Debug|Any CPU.Build.0 = Debug|Any CPU
		{14817B06-188F-4D14-B878-B057E859A63C}.Release|Any CPU.ActiveCfg = Release|Any CPU
		{14817B06-188F-4D14-B878-B057E859A63C}.Release|Any CPU.Build.0 = Release|Any CPU
		{21BF8D17-18DA-48D9-8C1A-ED55F18E6984}.Debug|Any CPU.ActiveCfg = Debug|Any CPU
		{21BF8D17-18DA-48D9-8C1A-ED55F18E6984}.Debug|Any CPU.Build.0 = Debug|Any CPU
		{21BF8D17-18DA-48D9-8C1A-ED55F18E6984}.Release|Any CPU.ActiveCfg = Release|Any CPU
		{21BF8D17-18DA-48D9-8C1A-ED55F18E6984}.Release|Any CPU.Build.0 = Release|Any CPU
		{05A9A860-C33A-4A4D-92FA-55A23CD5A48D}.Debug|Any CPU.ActiveCfg = Debug|Any CPU
		{05A9A860-C33A-4A4D-92FA-55A23CD5A48D}.Debug|Any CPU.Build.0 = Debug|Any CPU
		{05A9A860-C33A-4A4D-92FA-55A23CD5A48D}.Release|Any CPU.ActiveCfg = Release|Any CPU
		{05A9A860-C33A-4A4D-92FA-55A23CD5A48D}.Release|Any CPU.Build.0 = Release|Any CPU
	EndGlobalSection
	GlobalSection(SolutionProperties) = preSolution
		HideSolutionNode = FALSE
	EndGlobalSection
	GlobalSection(NestedProjects) = preSolution
		{52E914BD-528A-4ADF-B788-A9A5B7EA4C91} = {7B6CE1CE-5C76-4C2E-8F66-4F12529E0706}
		{AB91DF8A-6883-4C4E-852D-D161CB6EC5D1} = {0F896AFF-EBD7-4651-8FA6-488A1DF1932B}
		{717B1063-239B-471A-83AA-4F922629B83F} = {2DD2CE0E-C858-4074-9A73-75BE5C464438}
		{14817B06-188F-4D14-B878-B057E859A63C} = {090F9E58-D3DF-4E93-8B8F-E196C95A0532}
		{21BF8D17-18DA-48D9-8C1A-ED55F18E6984} = {9CAD3C81-A3E5-44CC-A71E-82B2D95DFB88}
		{05A9A860-C33A-4A4D-92FA-55A23CD5A48D} = {99AB8965-9DFB-4D93-BAF8-69F856281695}
	EndGlobalSection
	GlobalSection(ExtensibilityGlobals) = postSolution
		SolutionGuid = {37F55625-7858-4E80-A6E0-1BC8033DCE5E}
	EndGlobalSection
EndGlobal
